
Microsoft Visual Studio Solution File, Format Version 11.00
# Visual C++ Express 2010
Project("{8BC9CEB8-8B4A-11D0-8D11-00A0C91BC942}") = "冒泡排序", "冒泡排序\冒泡排序.vcxproj", "{4513CAC9-CBC4-4F02-BFFF-0F4F9CA37ACF}"
EndProject
Global
	GlobalSection(SolutionConfigurationPlatforms) = preSolution
		Debug|Win32 = Debug|Win32
		Release|Win32 = Release|Win32
	EndGlobalSection
	GlobalSection(ProjectConfigurationPlatforms) = postSolution
		{4513CAC9-CBC4-4F02-BFFF-0F4F9CA37ACF}.Debug|Win32.ActiveCfg = Debug|Win32
		{4513CAC9-CBC4-4F02-BFFF-0F4F9CA37ACF}.Debug|Win32.Build.0 = Debug|Win32
		{4513CAC9-CBC4-4F02-BFFF-0F4F9CA37ACF}.Release|Win32.ActiveCfg = Release|Win32
		{4513CAC9-CBC4-4F02-BFFF-0F4F9CA37ACF}.Release|Win32.Build.0 = Release|Win32
	EndGlobalSection
	GlobalSection(SolutionProperties) = preSolution
		HideSolutionNode = FALSE
	EndGlobalSection
EndGlobal
